topics:
-
  name    : interactive_marker
  topic   : twist_marker_server/cmd_vel
  timeout : 0.5
  priority: 10
-
  name    : keyboard
  topic   : key_vel
  timeout : 0.5
  priority: 30
-
  name    : path
  topic   : path_vel
  timeout : 0.5
  priority: 15
-
  name    : rqt
  topic   : rqt_vel
  timeout : 0.5
  priority: 20
-
  name    : external_source
  topic   : extra_vel
  timeout : 0.5
  priority: 25
locks:
-
  name    : fake_lock
  topic   : fake_lock
  timeout : 0.0
  priority: 100
